{
    "_meta": {
        "hash": {
            "sha256": "45263aa9af4642035b0ca9d19ea921d80502b62fd8778a634b6d7daf454853d9"
        },
        "pipfile-spec": 6,
        "requires": {},
        "sources": [
            {
                "name": "pypi",
                "url": "https://pypi.python.org/simple",
                "verify_ssl": true
            }
        ]
    },
    "default": {
        "affine": {
            "hashes": [
                "sha256:0e56a6aaf8443366042daa4092a94907c18edf5aba22db9f5e47737b222f4b91",
                "sha256:88a9c2167849a82e46ec2543e45a369832ee6661127601cc3914d2854395a02b"
            ],
            "index": "pypi",
            "version": "==2.2.0"
        },
        "attrs": {
            "hashes": [
                "sha256:08a96c641c3a74e44eb59afb61a24f2cb9f4d7188748e76ba4bb5edfa3cb7d1c",
                "sha256:f7b7ce16570fe9965acd6d30101a28f62fb4a7f9e926b3bbc9b61f8b04247e72"
            ],
            "version": "==19.3.0"
        },
        "click": {
            "hashes": [
                "sha256:29f99fc6125fbc931b758dc053b3114e55c77a6e4c6c3a2674a2dc986016381d",
                "sha256:f15516df478d5a56180fbf80e68f206010e6d160fc39fa508b65e035fd75130b"
            ],
            "index": "pypi",
            "version": "==6.7"
        },
        "click-plugins": {
            "hashes": [
                "sha256:46ab999744a9d831159c3411bb0c79346d94a444df9a3a3742e9ed63645f264b",
                "sha256:5d262006d3222f5057fd81e1623d4443e41dcda5dc815c06b442aa3c02889fc8"
            ],
            "version": "==1.1.1"
        },
        "cligj": {
            "hashes": [
                "sha256:20f24ce9abfde3f758aec3399e6811b936b6772f360846c662c19bf5537b4f14",
                "sha256:60c93dda4499562eb87509a8ff3535a7441053b766c9c26bcf874a732f939c7c",
                "sha256:6c7d52d529a78712491974f975c33473f430c0f7beb18c0d7a402a743dcb460a"
            ],
            "version": "==0.5.0"
        },
        "enum34": {
            "hashes": [
                "sha256:2d81cbbe0e73112bdfe6ef8576f2238f2ba27dd0d55752a776c41d38b7da2850",
                "sha256:644837f692e5f550741432dd3f223bbb9852018674981b1664e5dc339387588a",
                "sha256:6bd0f6ad48ec2aa117d3d141940d484deccda84d4fcd884f5c3d93c23ecd8c79",
                "sha256:8ad8c4783bf61ded74527bffb48ed9b54166685e4230386a9ed9b1279e2df5b1"
            ],
            "version": "==1.1.6"
        },
        "fiona": {
            "hashes": [
                "sha256:1e812d80744f6cd8c4a87c1a36b704c0e0e587f42cbb417ff480dc8dfde27f78",
                "sha256:2616d3847167ad09ef2b8fd5f17f9aad2f8c023c19077dab28e231834c0a895c",
                "sha256:35df044fa805e6b420450f5d4281fc0edf96e1da0545c31032045cd3cfad3abf",
                "sha256:39a59bb166c86f8a74c554d72726d5c850ca445f1e088beaac232464de6e2d5e",
                "sha256:3c95acdecdc65b6e2920eb71cc92676826efd2f891eeb3b027745bf72e3137c7",
                "sha256:5ef0e44a3827c6c114b06e03b643f567bf51ff585b2282fd04ad1b0ec8e474f6",
                "sha256:63f0726b986cb4ee11bc17e6f239e80083fbc4cf1f45ee3c1bfa70c526547f0f",
                "sha256:cc552dc0b098905cd6722b5d4edf1bf51fd6f12f2f40ce0dd50181e9537004b0",
                "sha256:d25d080c42d49a6d81d2913647a5fd19f639915cbeac7bb49111028cdad80f26",
                "sha256:fc35f8ebc0b47afcfe4c4a819e68689832d979d2413933730d973da414a6102d"
            ],
            "index": "pypi",
            "version": "==1.7.11.post1"
        },
        "jinja2": {
            "hashes": [
                "sha256:74c935a1b8bb9a3947c50a54766a969d4846290e1e788ea44c1392163723c3bd",
                "sha256:f84be1bb0040caca4cea721fcbbbbd61f9be9464ca236387158b0feea01914a4"
            ],
            "index": "pypi",
            "version": "==2.10"
        },
        "markupsafe": {
            "hashes": [
                "sha256:00bc623926325b26bb9605ae9eae8a215691f33cae5df11ca5424f06f2d1f473",
                "sha256:09027a7803a62ca78792ad89403b1b7a73a01c8cb65909cd876f7fcebd79b161",
                "sha256:09c4b7f37d6c648cb13f9230d847adf22f8171b1ccc4d5682398e77f40309235",
                "sha256:1027c282dad077d0bae18be6794e6b6b8c91d58ed8a8d89a89d59693b9131db5",
                "sha256:24982cc2533820871eba85ba648cd53d8623687ff11cbb805be4ff7b4c971aff",
                "sha256:29872e92839765e546828bb7754a68c418d927cd064fd4708fab9fe9c8bb116b",
                "sha256:43a55c2930bbc139570ac2452adf3d70cdbb3cfe5912c71cdce1c2c6bbd9c5d1",
                "sha256:46c99d2de99945ec5cb54f23c8cd5689f6d7177305ebff350a58ce5f8de1669e",
                "sha256:500d4957e52ddc3351cabf489e79c91c17f6e0899158447047588650b5e69183",
                "sha256:535f6fc4d397c1563d08b88e485c3496cf5784e927af890fb3c3aac7f933ec66",
                "sha256:62fe6c95e3ec8a7fad637b7f3d372c15ec1caa01ab47926cfdf7a75b40e0eac1",
                "sha256:6dd73240d2af64df90aa7c4e7481e23825ea70af4b4922f8ede5b9e35f78a3b1",
                "sha256:717ba8fe3ae9cc0006d7c451f0bb265ee07739daf76355d06366154ee68d221e",
                "sha256:79855e1c5b8da654cf486b830bd42c06e8780cea587384cf6545b7d9ac013a0b",
                "sha256:7c1699dfe0cf8ff607dbdcc1e9b9af1755371f92a68f706051cc8c37d447c905",
                "sha256:88e5fcfb52ee7b911e8bb6d6aa2fd21fbecc674eadd44118a9cc3863f938e735",
                "sha256:8defac2f2ccd6805ebf65f5eeb132adcf2ab57aa11fdf4c0dd5169a004710e7d",
                "sha256:98c7086708b163d425c67c7a91bad6e466bb99d797aa64f965e9d25c12111a5e",
                "sha256:9add70b36c5666a2ed02b43b335fe19002ee5235efd4b8a89bfcf9005bebac0d",
                "sha256:9bf40443012702a1d2070043cb6291650a0841ece432556f784f004937f0f32c",
                "sha256:ade5e387d2ad0d7ebf59146cc00c8044acbd863725f887353a10df825fc8ae21",
                "sha256:b00c1de48212e4cc9603895652c5c410df699856a2853135b3967591e4beebc2",
                "sha256:b1282f8c00509d99fef04d8ba936b156d419be841854fe901d8ae224c59f0be5",
                "sha256:b2051432115498d3562c084a49bba65d97cf251f5a331c64a12ee7e04dacc51b",
                "sha256:ba59edeaa2fc6114428f1637ffff42da1e311e29382d81b339c1817d37ec93c6",
                "sha256:c8716a48d94b06bb3b2524c2b77e055fb313aeb4ea620c8dd03a105574ba704f",
                "sha256:cd5df75523866410809ca100dc9681e301e3c27567cf498077e8551b6d20e42f",
                "sha256:e249096428b3ae81b08327a63a485ad0878de3fb939049038579ac0ef61e17e7"
            ],
            "version": "==1.1.1"
        },
        "munch": {
            "hashes": [
                "sha256:6ae3d26b837feacf732fb8aa5b842130da1daf221f5af9f9d4b2a0a6414b0d51"
            ],
            "version": "==2.3.2"
        },
        "netcdf4": {
            "hashes": [
                "sha256:045ddf375b0f013df04f063ff2159c6ca8ee8fbf47667001c5a3c4d853f44606",
                "sha256:24ad499a39e0ab5ea9e03a5f2016674ab7b2e986696d09d5c6a2360130f83816",
                "sha256:2a0671594f9d141d048447e8599f21d8f089b5c0808bebf43fe922a05e0aee23",
                "sha256:369da170253df57efa71d3d9bad41608e71acadd491ab7d6b9f1b600af9b8833",
                "sha256:3b6e0eaafa4ce0795ff4825803fe008a1bca7de7509e998a84e9374777784195",
                "sha256:46c049503270615374903d2798e8ced6903ab7c6001e7a9a57e6863e55f5f1cd",
                "sha256:4e332440086808282f4164eeda2fa61b3fbbfa1ac6ec8734b7a1aba64e1a3e3c",
                "sha256:52fe026bf707d41ffef4eed2abc2cf6f4da137d3d7a146050caea39cfd3fbf6d",
                "sha256:570ea59992aa6d98a9b672c71161d11ba5683f787da53446086077470a869957",
                "sha256:64d8ff08c6a780e1b52e1b5e390f3daa48b7fdd2b0ef52a79f62c46687d50d0a",
                "sha256:73c554c15beef49d0ed056f87ff4536cf2bbaa262db8d079cfe695ed72c42871",
                "sha256:9045681b51fe117435f55ba1ae3958da5fca31df67eed3aa612d9cbedab920b1",
                "sha256:98d6f0085ee1b3d05ded25947c69706b264412cf591ce2b713a4a9d0a196745e",
                "sha256:9ecf1aab788fbcd3c473faf73a43a88e3a85144868ed2f2f5ad58c40642db263",
                "sha256:a572836dc0f1390e37c8d9e2f71309af18650a9194339bed05bce890810ee430",
                "sha256:a90476403eea79d20e4725c66df80980290fd0b8e7d7b69d0ef46df27e12f64c",
                "sha256:be75caa96c79b8841c1ce0e9785ab964829ad81a75d8bd4128d89187b70b4bf4",
                "sha256:c30b07df33908b5392222eb3886f04102871726d0e92912c1d7e6b959e9ec931",
                "sha256:c4897fbc3b01e40a53ccc45a2eb00b7900745d8b036d2d101f2447be4a333a3c",
                "sha256:cb47e5cdcfa5fb0185aaf152d40960a654fe747c76c7587d2d1ba77860a87582",
                "sha256:f11230a19d61bea6c25d2b2777b2ad4f000d00409d1e36911aae8c7c5666c83f",
                "sha256:f4c86e732a769ff153e99f571f945a674ce773858ee7a05cc70f690c33535cbc",
                "sha256:ffd9da754511ffe5ec890f2861aaa31d1ad6d9bde67c039d0d15c8d0669e66ff"
            ],
            "index": "pypi",
            "version": "==1.3.1"
        },
        "numpy": {
            "hashes": [
                "sha256:0739146eaf4985962f07c62f7133aca89f3a600faac891ce6c7f3a1e2afe5272",
                "sha256:07e21f14490324cc1160db101e9b6c1233c33985af4cb1d301dd02650fea1d7f",
                "sha256:0f6a5ed0cd7ab1da11f5c07a8ecada73fc55a70ef7bb6311a4109891341d7277",
                "sha256:0fd65cbbfdbf76bbf80c445d923b3accefea0fe2c2082049e0ce947c81fe1d3f",
                "sha256:20cac3123d791e4bf8482a580d98d6b5969ba348b9d5364df791ba3a666b660d",
                "sha256:528ce59ded2008f9e8543e0146acb3a98a9890da00adf8904b1e18c82099418b",
                "sha256:56e392b7c738bd70e6f46cf48c8194d3d1dd4c5a59fae4b30c58bb6ef86e5233",
                "sha256:675e0f23967ce71067d12b6944add505d5f0a251f819cfb44bdf8ee7072c090d",
                "sha256:6be6b0ca705321c178c9858e5ad5611af664bbdfae1df1541f938a840a103888",
                "sha256:719d914f564f35cce4dc103808f8297c807c9f0297ac183ed81ae8b5650e698e",
                "sha256:768e777cc1ffdbf97c507f65975c8686ebafe0f3dc8925d02ac117acc4669ce9",
                "sha256:7f76d406c6b998d6410198dcb82688dcdaec7d846aa87e263ccf52efdcfeba30",
                "sha256:8c18ee4dddd5c6a811930c0a7c7947bf16387da3b394725f6063f1366311187d",
                "sha256:99051e03b445117b26028623f1a487112ddf61a09a27e2d25e6bc07d37d94f25",
                "sha256:a1413d06abfa942ca0553bf3bccaff5fdb36d55b84f2248e36228db871147dab",
                "sha256:a7157c9ac6bddd2908c35ef099e4b643bc0e0ebb4d653deb54891d29258dd329",
                "sha256:a958bf9d4834c72dee4f91a0476e7837b8a2966dc6fcfc42c421405f98d0da51",
                "sha256:bb370120de6d26004358611441e07acda26840e41dfedc259d7f8cc613f96495",
                "sha256:d0928076d9bd8a98de44e79b1abe50c1456e7abbb40af7ef58092086f1a6c729",
                "sha256:d858423f5ed444d494b15c4cc90a206e1b8c31354c781ac7584da0d21c09c1c3",
                "sha256:e6120d63b50e2248219f53302af7ec6fa2a42ed1f37e9cda2c76dbaca65036a7",
                "sha256:f2b1378b63bdb581d5d7af2ec0373c8d40d651941d283a2afd7fc71184b3f570",
                "sha256:facc6f925c3099ac01a1f03758100772560a0b020fb9d70f210404be08006bcb"
            ],
            "index": "pypi",
            "version": "==1.14.2"
        },
        "palettable": {
            "hashes": [
                "sha256:44c61ea1d1ea4696bb9fa9abd51f4ef1aafc214806dacc6a92adf5e3db26ad53",
                "sha256:4c6f6531b93d97eb0bf4d707160626261de11470c47e2d017ac6bb569b5308aa"
            ],
            "index": "pypi",
            "version": "==3.1.0"
        },
        "pillow": {
            "hashes": [
                "sha256:00fdeb23820f30e43bba78eb9abb00b7a937a655de7760b2e09101d63708b64e",
                "sha256:01f948e8220c85eae1aa1a7f8edddcec193918f933fb07aaebe0bfbbcffefbf1",
                "sha256:08abf39948d4b5017a137be58f1a52b7101700431f0777bec3d897c3949f74e6",
                "sha256:099a61618b145ecb50c6f279666bbc398e189b8bc97544ae32b8fcb49ad6b830",
                "sha256:2c1c61546e73de62747e65807d2cc4980c395d4c5600ecb1f47a650c6fa78c79",
                "sha256:2ed9c4f694861642401f27dc3cb99772be67cd190e84845c749dae0a06c3bfae",
                "sha256:338581b30b908e111be578f0297255f6b57a51358cd16fa0e6f664c9a1f88bff",
                "sha256:38c7d48a21cd06fdeee93987147b9b1c55b73b4cfcbf83240568bfbd5adee447",
                "sha256:43fd026f613c8e48a25eba1a92f4d2ad7f3903c95d8c33a11611a7717d2ab654",
                "sha256:4548236844327a718ce3bb182ab32a16fa2050c61e334e959f554cac052fb0df",
                "sha256:5090857876c58885cfa388dc649e5db30aae98a068c26f3fd0ac9d7d9a4d9572",
                "sha256:5bbba34f97a26a93f5e8dec469ca4ddd712451418add43da946dbaed7f7a98d2",
                "sha256:65a28969a025a0eb4594637b6103201dc4ed2a9508bdab56ac33e43e3081c404",
                "sha256:892bb52b70bd5ea9dbbc3ac44f38e84f5a04e9d8b1bff48159d96cb795b81159",
                "sha256:8a9becd5cbd5062f973bcd2e7bc79483af310222de112b6541f8af1f93a3cc42",
                "sha256:972a7aaeb7c4a2795b52eef52ee991ef040b31009f36deca6207a986607b55f3",
                "sha256:97b119c436bfa96a92ac2ca525f7025836d4d4e64b1c9f9eff8dbaf3ff1d86f3",
                "sha256:9ba37698e242223f8053cc158f130aee046a96feacbeab65893dbe94f5530118",
                "sha256:b1b0e1f626a0f079c0d3696db70132fb1f29aa87c66aecb6501a9b8be64ce9f7",
                "sha256:c14c1224fd1a5be2733530d648a316974dbbb3c946913562c6005a76f21ca042",
                "sha256:c79a8546c48ae6465189e54e3245a97ddf21161e33ff7eaa42787353417bb2b6",
                "sha256:ceb76935ac4ebdf6d7bc845482a4450b284c6ccfb281e34da51d510658ab34d8",
                "sha256:e22bffaad04b4d16e1c091baed7f2733fc1ebb91e0c602abf1b6834d17158b1f",
                "sha256:ec883b8e44d877bda6f94a36313a1c6063f8b1997aa091628ae2f34c7f97c8d5",
                "sha256:f1baa54d50ec031d1a9beb89974108f8f2c0706f49798f4777df879df0e1adb6",
                "sha256:f53a5385932cda1e2c862d89460992911a89768c65d176ff8c50cddca4d29bed"
            ],
            "index": "pypi",
            "version": "==6.2.0"
        },
        "pyparsing": {
            "hashes": [
                "sha256:6f98a7b9397e206d78cc01df10131398f1c8b8510a2f4d97d9abd82e1aacdd80",
                "sha256:d9338df12903bbf5d65a0e4e87c2161968b10d2e489652bb47001d82a9b028b4"
            ],
            "version": "==2.4.2"
        },
        "pyproj": {
            "hashes": [
                "sha256:53fa54c8fa8a1dfcd6af4bf09ce1aae5d4d949da63b90570ac5ec849efaf3ea8"
            ],
            "index": "pypi",
            "version": "==1.9.5.1"
        },
        "pytz": {
            "hashes": [
                "sha256:65ae0c8101309c45772196b21b74c46b2e5d11b6275c45d251b150d5da334555",
                "sha256:c06425302f2cf668f1bba7a0a03f3c1d34d4ebeef2c72003da308b3947c7f749"
            ],
            "index": "pypi",
            "version": "==2018.4"
        },
        "rasterio": {
            "hashes": [
                "sha256:0bcdb277758abd07705adca3737258235db9cdd69260b209dc89aa21b669e1e6",
                "sha256:47d460326e04c64590ff56952271a184a6307f814efc34fb319c12e690585f3c",
                "sha256:5a72c695108ab0fa2fc25a77291d6ad1de230049fe2de87d6b47af66de439144",
                "sha256:665a22e22242726d6b73a95367d7bcdb0d5bd557d08e0549e0b578bbb9001b16",
                "sha256:6ee4fc6cfe33bab5da66aadf2465713d618a6eb637e6bb671f5f831ff031c007",
                "sha256:aa8a911f73554dd06050ad961d9635910e76e680e0764d82dbbf39d043f683fa",
                "sha256:b02b4021858370286e20d57c02c344e844083006f983e38771759d9ed9af9afc",
                "sha256:bdd0c8d4d7c5d40df2182c633e77899a45c202645dfa2d0309e8eeb57e0164ca",
                "sha256:c0df13d1a0e4cf4a1fed159af85c3e074e41a2cb9b5b981325890427eeac9c42",
                "sha256:cfaf7f51f1c7d36516ba0ed3a92b1fa4e3cbc148901c489553f2887aa8a900c4"
            ],
            "index": "pypi",
            "version": "==1.0a12"
        },
        "six": {
            "hashes": [
                "sha256:3350809f0555b11f552448330d0b52d5f24c91a322ea4a15ef22629740f3761c",
                "sha256:d16a0141ec1a18405cd4ce8b4613101da75da0e9a7aec5bdd4fa804d0e0eba73"
            ],
            "version": "==1.12.0"
        },
        "snuggs": {
            "hashes": [
                "sha256:501cf113fe3892e14e2fee76da5cd0606b7e149c411c271898e6259ebde2617b",
                "sha256:988dde5d4db88e9d71c99457404773dabcc7a1c45971bfbe81900999942d9f07"
            ],
            "version": "==1.4.7"
        }
    },
    "develop": {
        "attrs": {
            "hashes": [
                "sha256:08a96c641c3a74e44eb59afb61a24f2cb9f4d7188748e76ba4bb5edfa3cb7d1c",
                "sha256:f7b7ce16570fe9965acd6d30101a28f62fb4a7f9e926b3bbc9b61f8b04247e72"
            ],
            "version": "==19.3.0"
        },
        "certifi": {
            "hashes": [
                "sha256:e4f3620cfea4f83eedc95b24abd9cd56f3c4b146dd0177e83a21b4eb49e21e50",
                "sha256:fd7c7c74727ddcf00e9acd26bba8da604ffec95bf1c2144e67aff7a8b50e6cef"
            ],
            "version": "==2019.9.11"
        },
        "chardet": {
            "hashes": [
                "sha256:84ab92ed1c4d4f16916e05906b6b75a6c0fb5db821cc65e70cbd64a3e2a5eaae",
                "sha256:fc323ffcaeaed0e0a02bf4d117757b98aed530d9ed4531e3e15460124c106691"
            ],
            "version": "==3.0.4"
        },
        "coverage": {
            "hashes": [
                "sha256:08907593569fe59baca0bf152c43f3863201efb6113ecb38ce7e97ce339805a6",
                "sha256:0be0f1ed45fc0c185cfd4ecc19a1d6532d72f86a2bac9de7e24541febad72650",
                "sha256:141f08ed3c4b1847015e2cd62ec06d35e67a3ac185c26f7635f4406b90afa9c5",
                "sha256:19e4df788a0581238e9390c85a7a09af39c7b539b29f25c89209e6c3e371270d",
                "sha256:23cc09ed395b03424d1ae30dcc292615c1372bfba7141eb85e11e50efaa6b351",
                "sha256:245388cda02af78276b479f299bbf3783ef0a6a6273037d7c60dc73b8d8d7755",
                "sha256:331cb5115673a20fb131dadd22f5bcaf7677ef758741312bee4937d71a14b2ef",
                "sha256:386e2e4090f0bc5df274e720105c342263423e77ee8826002dcffe0c9533dbca",
                "sha256:3a794ce50daee01c74a494919d5ebdc23d58873747fa0e288318728533a3e1ca",
                "sha256:60851187677b24c6085248f0a0b9b98d49cba7ecc7ec60ba6b9d2e5574ac1ee9",
                "sha256:63a9a5fc43b58735f65ed63d2cf43508f462dc49857da70b8980ad78d41d52fc",
                "sha256:6b62544bb68106e3f00b21c8930e83e584fdca005d4fffd29bb39fb3ffa03cb5",
                "sha256:6ba744056423ef8d450cf627289166da65903885272055fb4b5e113137cfa14f",
                "sha256:7494b0b0274c5072bddbfd5b4a6c6f18fbbe1ab1d22a41e99cd2d00c8f96ecfe",
                "sha256:826f32b9547c8091679ff292a82aca9c7b9650f9fda3e2ca6bf2ac905b7ce888",
                "sha256:93715dffbcd0678057f947f496484e906bf9509f5c1c38fc9ba3922893cda5f5",
                "sha256:9a334d6c83dfeadae576b4d633a71620d40d1c379129d587faa42ee3e2a85cce",
                "sha256:af7ed8a8aa6957aac47b4268631fa1df984643f07ef00acd374e456364b373f5",
                "sha256:bf0a7aed7f5521c7ca67febd57db473af4762b9622254291fbcbb8cd0ba5e33e",
                "sha256:bf1ef9eb901113a9805287e090452c05547578eaab1b62e4ad456fcc049a9b7e",
                "sha256:c0afd27bc0e307a1ffc04ca5ec010a290e49e3afbe841c5cafc5c5a80ecd81c9",
                "sha256:dd579709a87092c6dbee09d1b7cfa81831040705ffa12a1b248935274aee0437",
                "sha256:df6712284b2e44a065097846488f66840445eb987eb81b3cc6e4149e7b6982e1",
                "sha256:e07d9f1a23e9e93ab5c62902833bf3e4b1f65502927379148b6622686223125c",
                "sha256:e2ede7c1d45e65e209d6093b762e98e8318ddeff95317d07a27a2140b80cfd24",
                "sha256:e4ef9c164eb55123c62411f5936b5c2e521b12356037b6e1c2617cef45523d47",
                "sha256:eca2b7343524e7ba246cab8ff00cab47a2d6d54ada3b02772e908a45675722e2",
                "sha256:eee64c616adeff7db37cc37da4180a3a5b6177f5c46b187894e633f088fb5b28",
                "sha256:ef824cad1f980d27f26166f86856efe11eff9912c4fed97d3804820d43fa550c",
                "sha256:efc89291bd5a08855829a3c522df16d856455297cf35ae827a37edac45f466a7",
                "sha256:fa964bae817babece5aa2e8c1af841bebb6d0b9add8e637548809d040443fee0",
                "sha256:ff37757e068ae606659c28c3bd0d923f9d29a85de79bf25b2b34b148473b5025"
            ],
            "version": "==4.5.4"
        },
        "idna": {
            "hashes": [
                "sha256:c357b3f628cf53ae2c4c05627ecc484553142ca23264e593d327bcde5e9c3407",
                "sha256:ea8b7f6188e6fa117537c3df7da9fc686d485087abf6ac197f9c46432f7e4a3c"
            ],
            "version": "==2.8"
        },
        "more-itertools": {
            "hashes": [
                "sha256:409cd48d4db7052af495b09dec721011634af3753ae1ef92d2b32f73a745f832",
                "sha256:92b8c4b06dac4f0611c0729b2f2ede52b2e1bac1ab48f089c7ddc12e26bb60c4"
            ],
            "version": "==7.2.0"
        },
        "pkginfo": {
            "hashes": [
                "sha256:7424f2c8511c186cd5424bbf31045b77435b37a8d604990b79d4e70d741148bb",
                "sha256:a6d9e40ca61ad3ebd0b72fbadd4fba16e4c0e4df0428c041e01e06eb6ee71f32"
            ],
            "version": "==1.5.0.1"
        },
        "pluggy": {
            "hashes": [
                "sha256:7f8ae7f5bdf75671a718d2daf0a64b7885f74510bcd98b1a0bb420eb9a9d0cff",
                "sha256:d345c8fe681115900d6da8d048ba67c25df42973bda370783cd58826442dcd7c",
                "sha256:e160a7fcf25762bb60efc7e171d4497ff1d8d2d75a3d0df7a21b76821ecbf5c5"
            ],
            "version": "==0.6.0"
        },
        "py": {
            "hashes": [
                "sha256:64f65755aee5b381cea27766a3a147c3f15b9b6b9ac88676de66ba2ae36793fa",
                "sha256:dc639b046a6e2cff5bbe40194ad65936d6ba360b52b3c3fe1d08a82dd50b5e53"
            ],
            "version": "==1.8.0"
        },
        "pytest": {
            "hashes": [
                "sha256:6266f87ab64692112e5477eba395cfedda53b1933ccd29478e671e73b420c19c",
                "sha256:fae491d1874f199537fd5872b5e1f0e74a009b979df9d53d1553fd03da1703e1"
            ],
            "index": "pypi",
            "version": "==3.5.0"
        },
        "pytest-cov": {
            "hashes": [
                "sha256:03aa752cf11db41d281ea1d807d954c4eda35cfa1b21d6971966cc041bbf6e2d",
                "sha256:890fe5565400902b0c78b5357004aab1c814115894f4f21370e2433256a3eeec"
            ],
            "index": "pypi",
            "version": "==2.5.1"
        },
        "requests": {
            "hashes": [
                "sha256:11e007a8a2aa0323f5a921e9e6a2d7e4e67d9877e85773fba9ba6419025cbeb4",
                "sha256:9cf5292fcd0f598c671cfc1e0d7d1a7f13bb8085e9a590f48c010551dc6c4b31"
            ],
            "version": "==2.22.0"
        },
        "requests-toolbelt": {
            "hashes": [
                "sha256:380606e1d10dc85c3bd47bf5a6095f815ec007be7a8b69c878507068df059e6f",
                "sha256:968089d4584ad4ad7c171454f0a5c6dac23971e9472521ea3b6d49d610aa6fc0"
            ],
            "version": "==0.9.1"
        },
        "six": {
            "hashes": [
                "sha256:3350809f0555b11f552448330d0b52d5f24c91a322ea4a15ef22629740f3761c",
                "sha256:d16a0141ec1a18405cd4ce8b4613101da75da0e9a7aec5bdd4fa804d0e0eba73"
            ],
            "version": "==1.12.0"
        },
        "tqdm": {
            "hashes": [
                "sha256:abc25d0ce2397d070ef07d8c7e706aede7920da163c64997585d42d3537ece3d",
                "sha256:dd3fcca8488bb1d416aa7469d2f277902f26260c45aa86b667b074cd44b3b115"
            ],
            "version": "==4.36.1"
        },
        "twine": {
            "hashes": [
                "sha256:08eb132bbaec40c6d25b358f546ec1dc96ebd2638a86eea68769d9e67fe2b129",
                "sha256:2fd9a4d9ff0bcacf41fdc40c8cb0cfaef1f1859457c9653fd1b92237cc4e9f25"
            ],
            "index": "pypi",
            "version": "==1.11.0"
        },
        "urllib3": {
            "hashes": [
                "sha256:3de946ffbed6e6746608990594d08faac602528ac7015ac28d33cee6a45b7398",
                "sha256:9a107b99a5393caf59c7aa3c1249c16e6879447533d0887f4336dde834c7be86"
            ],
            "version": "==1.25.6"
        },
        "wheel": {
            "hashes": [
                "sha256:1ae8153bed701cb062913b72429bcf854ba824f973735427681882a688cb55ce",
                "sha256:9cdc8ab2cc9c3c2e2727a4b67c22881dbb0e1c503d592992594c5e131c867107"
            ],
            "index": "pypi",
            "version": "==0.31.0"
        }
    }
}
